// !$*UTF8*$!
{
	archiveVersion = 1;
	classes = {
	};
	objectVersion = 50;
	objects = {

/* Begin PBXBuildFile section */
		6C0261D625CDF0F40044C201 /* AppDelegate.swift in Sources */ = {isa = PBXBuildFile; fileRef = 6C0261D525CDF0F40044C201 /* AppDelegate.swift */; };
		6C0261D825CDF0F40044C201 /* SceneDelegate.swift in Sources */ = {isa = PBXBuildFile; fileRef = 6C0261D725CDF0F40044C201 /* SceneDelegate.swift */; };
		6C0261DA25CDF0F40044C201 /* ViewController.swift in Sources */ = {isa = PBXBuildFile; fileRef = 6C0261D925CDF0F40044C201 /* ViewController.swift */; };
		6C0261DD25CDF0F40044C201 /* Main.storyboard in Resources */ = {isa = PBXBuildFile; fileRef = 6C0261DB25CDF0F40044C201 /* Main.storyboard */; };
		6C0261DF25CDF0F70044C201 /* Assets.xcassets in Resources */ = {isa = PBXBuildFile; fileRef = 6C0261DE25CDF0F70044C201 /* Assets.xcassets */; };
		6C0261E225CDF0F70044C201 /* LaunchScreen.storyboard in Resources */ = {isa = PBXBuildFile; fileRef = 6C0261E025CDF0F70044C201 /* LaunchScreen.storyboard */; };
		6C0261ED25CDF0F70044C201 /* flixsterTests.swift in Sources */ = {isa = PBXBuildFile; fileRef = 6C0261EC25CDF0F70044C201 /* flixsterTests.swift */; };
		6C0261F825CDF0F70044C201 /* flixsterUITests.swift in Sources */ = {isa = PBXBuildFile; fileRef = 6C0261F725CDF0F70044C201 /* flixsterUITests.swift */; };
/* End PBXBuildFile section */

/* Begin PBXContainerItemProxy section */
		6C0261E925CDF0F70044C201 /* PBXContainerItemProxy */ = {
			isa = PBXContainerItemProxy;
			containerPortal = 6C0261CA25CDF0F40044C201 /* Project object */;
			proxyType = 1;
			remoteGlobalIDString = 6C0261D125CDF0F40044C201;
			remoteInfo = flixster;
		};
		6C0261F425CDF0F70044C201 /* PBXContainerItemProxy */ = {
			isa = PBXContainerItemProxy;
			containerPortal = 6C0261CA25CDF0F40044C201 /* Project object */;
			proxyType = 1;
			remoteGlobalIDString = 6C0261D125CDF0F40044C201;
			remoteInfo = flixster;
		};
/* End PBXContainerItemProxy section */

/* Begin PBXFileReference section */
		6C0261D225CDF0F40044C201 /* flixster.app */ = {isa = PBXFileReference; explicitFileType = wrapper.application; includeInIndex = 0; path = flixster.app; sourceTree = BUILT_PRODUCTS_DIR; };
		6C0261D525CDF0F40044C201 /* AppDelegate.swift */ = {isa = PBXFileReference; lastKnownFileType = sourcecode.swift; path = AppDelegate.swift; sourceTree = "<group>"; };
		6C0261D725CDF0F40044C201 /* SceneDelegate.swift */ = {isa = PBXFileReference; lastKnownFileType = sourcecode.swift; path = SceneDelegate.swift; sourceTree = "<group>"; };
		6C0261D925CDF0F40044C201 /* ViewController.swift */ = {isa = PBXFileReference; lastKnownFileType = sourcecode.swift; path = ViewController.swift; sourceTree = "<group>"; };
		6C0261DC25CDF0F40044C201 /* Base */ = {isa = PBXFileReference; lastKnownFileType = file.storyboard; name = Base; path = Base.lproj/Main.storyboard; sourceTree = "<group>"; };
		6C0261DE25CDF0F70044C201 /* Assets.xcassets */ = {isa = PBXFileReference; lastKnownFileType = folder.assetcatalog; path = Assets.xcassets; sourceTree = "<group>"; };
		6C0261E125CDF0F70044C201 /* Base */ = {isa = PBXFileReference; lastKnownFileType = file.storyboard; name = Base; path = Base.lproj/LaunchScreen.storyboard; sourceTree = "<group>"; };
		6C0261E325CDF0F70044C201 /* Info.plist */ = {isa = PBXFileReference; lastKnownFileType = text.plist.xml; path = Info.plist; sourceTree = "<group>"; };
		6C0261E825CDF0F70044C201 /* flixsterTests.xctest */ = {isa = PBXFileReference; explicitFileType = wrapper.cfbundle; includeInIndex = 0; path = flixsterTests.xctest; sourceTree = BUILT_PRODUCTS_DIR; };
		6C0261EC25CDF0F70044C201 /* flixsterTests.swift */ = {isa = PBXFileReference; lastKnownFileType = sourcecode.swift; path = flixsterTests.swift; sourceTree = "<group>"; };
		6C0261EE25CDF0F70044C201 /* Info.plist */ = {isa = PBXFileReference; lastKnownFileType = text.plist.xml; path = Info.plist; sourceTree = "<group>"; };
		6C0261F325CDF0F70044C201 /* flixsterUITests.xctest */ = {isa = PBXFileReference; explicitFileType = wrapper.cfbundle; includeInIndex = 0; path = flixsterUITests.xctest; sourceTree = BUILT_PRODUCTS_DIR; };
		6C0261F725CDF0F70044C201 /* flixsterUITests.swift */ = {isa = PBXFileReference; lastKnownFileType = sourcecode.swift; path = flixsterUITests.swift; sourceTree = "<group>"; };
		6C0261F925CDF0F70044C201 /* Info.plist */ = {isa = PBXFileReference; lastKnownFileType = text.plist.xml; path = Info.plist; sourceTree = "<group>"; };
/* End PBXFileReference section */

/* Begin PBXFrameworksBuildPhase section */
		6C0261CF25CDF0F40044C201 /* Frameworks */ = {
			isa = PBXFrameworksBuildPhase;
			buildActionMask = 2147483647;
			files = (
			);
			runOnlyForDeploymentPostprocessing = 0;
		};
		6C0261E525CDF0F70044C201 /* Frameworks */ = {
			isa = PBXFrameworksBuildPhase;
			buildActionMask = 2147483647;
			files = (
			);
			runOnlyForDeploymentPostprocessing = 0;
		};
		6C0261F025CDF0F70044C201 /* Frameworks */ = {
			isa = PBXFrameworksBuildPhase;
			buildActionMask = 2147483647;
			files = (
			);
			runOnlyForDeploymentPostprocessing = 0;
		};
/* End PBXFrameworksBuildPhase section */

/* Begin PBXGroup section */
		6C0261C925CDF0F40044C201 = {
			isa = PBXGroup;
			children = (
				6C0261D425CDF0F40044C201 /* flixster */,
				6C0261EB25CDF0F70044C201 /* flixsterTests */,
				6C0261F625CDF0F70044C201 /* flixsterUITests */,
				6C0261D325CDF0F40044C201 /* Products */,
			);
			sourceTree = "<group>";
		};
		6C0261D325CDF0F40044C201 /* Products */ = {
			isa = PBXGroup;
			children = (
				6C0261D225CDF0F40044C201 /* flixster.app */,
				6C0261E825CDF0F70044C201 /* flixsterTests.xctest */,
				6C0261F325CDF0F70044C201 /* flixsterUITests.xctest */,
			);
			name = Products;
			sourceTree = "<group>";
		};
		6C0261D425CDF0F40044C201 /* flixster */ = {
			isa = PBXGroup;
			children = (
				6C0261D525CDF0F40044C201 /* AppDelegate.swift */,
				6C0261D725CDF0F40044C201 /* SceneDelegate.swift */,
				6C0261D925CDF0F40044C201 /* ViewController.swift */,
				6C0261DB25CDF0F40044C201 /* Main.storyboard */,
				6C0261DE25CDF0F70044C201 /* Assets.xcassets */,
				6C0261E025CDF0F70044C201 /* LaunchScreen.storyboard */,
				6C0261E325CDF0F70044C201 /* Info.plist */,
			);
			path = flixster;
			sourceTree = "<group>";
		};
		6C0261EB25CDF0F70044C201 /* flixsterTests */ = {
			isa = PBXGroup;
			children = (
				6C0261EC25CDF0F70044C201 /* flixsterTests.swift */,
				6C0261EE25CDF0F70044C201 /* Info.plist */,
			);
			path = flixsterTests;
			sourceTree = "<group>";
		};
		6C0261F625CDF0F70044C201 /* flixsterUITests */ = {
			isa = PBXGroup;
			children = (
				6C0261F725CDF0F70044C201 /* flixsterUITests.swift */,
				6C0261F925CDF0F70044C201 /* Info.plist */,
			);
			path = flixsterUITests;
			sourceTree = "<group>";
		};
/* End PBXGroup section */

/* Begin PBXNativeTarget section */
		6C0261D125CDF0F40044C201 /* flixster */ = {
			isa = PBXNativeTarget;
			buildConfigurationList = 6C0261FC25CDF0F70044C201 /* Build configuration list for PBXNativeTarget "flixster" */;
			buildPhases = (
				6C0261CE25CDF0F40044C201 /* Sources */,
				6C0261CF25CDF0F40044C201 /* Frameworks */,
				6C0261D025CDF0F40044C201 /* Resources */,
			);
			buildRules = (
			);
			dependencies = (
			);
			name = flixster;
			productName = flixster;
			productReference = 6C0261D225CDF0F40044C201 /* flixster.app */;
			productType = "com.apple.product-type.application";
		};
		6C0261E725CDF0F70044C201 /* flixsterTests */ = {
			isa = PBXNativeTarget;
			buildConfigurationList = 6C0261FF25CDF0F70044C201 /* Build configuration list for PBXNativeTarget "flixsterTests" */;
			buildPhases = (
				6C0261E425CDF0F70044C201 /* Sources */,
				6C0261E525CDF0F70044C201 /* Frameworks */,
				6C0261E625CDF0F70044C201 /* Resources */,
			);
			buildRules = (
			);
			dependencies = (
				6C0261EA25CDF0F70044C201 /* PBXTargetDependency */,
			);
			name = flixsterTests;
			productName = flixsterTests;
			productReference = 6C0261E825CDF0F70044C201 /* flixsterTests.xctest */;
			productType = "com.apple.product-type.bundle.unit-test";
		};
		6C0261F225CDF0F70044C201 /* flixsterUITests */ = {
			isa = PBXNativeTarget;
			buildConfigurationList = 6C02620225CDF0F70044C201 /* Build configuration list for PBXNativeTarget "flixsterUITests" */;
			buildPhases = (
				6C0261EF25CDF0F70044C201 /* Sources */,
				6C0261F025CDF0F70044C201 /* Frameworks */,
				6C0261F125CDF0F70044C201 /* Resources */,
			);
			buildRules = (
			);
			dependencies = (
				6C0261F525CDF0F70044C201 /* PBXTargetDependency */,
			);
			name = flixsterUITests;
			productName = flixsterUITests;
			productReference = 6C0261F325CDF0F70044C201 /* flixsterUITests.xctest */;
			productType = "com.apple.product-type.bundle.ui-testing";
		};
/* End PBXNativeTarget section */

/* Begin PBXProject section */
		6C0261CA25CDF0F40044C201 /* Project object */ = {
			isa = PBXProject;
			attributes = {
				LastSwiftUpdateCheck = 1240;
				LastUpgradeCheck = 1240;
				TargetAttributes = {
					6C0261D125CDF0F40044C201 = {
						CreatedOnToolsVersion = 12.4;
					};
					6C0261E725CDF0F70044C201 = {
						CreatedOnToolsVersion = 12.4;
						TestTargetID = 6C0261D125CDF0F40044C201;
					};
					6C0261F225CDF0F70044C201 = {
						CreatedOnToolsVersion = 12.4;
						TestTargetID = 6C0261D125CDF0F40044C201;
					};
				};
			};
			buildConfigurationList = 6C0261CD25CDF0F40044C201 /* Build configuration list for PBXProject "flixster" */;
			compatibilityVersion = "Xcode 9.3";
			developmentRegion = en;
			hasScannedForEncodings = 0;
			knownRegions = (
				en,
				Base,
			);
			mainGroup = 6C0261C925CDF0F40044C201;
			productRefGroup = 6C0261D325CDF0F40044C201 /* Products */;
			projectDirPath = "";
			projectRoot = "";
			targets = (
				6C0261D125CDF0F40044C201 /* flixster */,
				6C0261E725CDF0F70044C201 /* flixsterTests */,
				6C0261F225CDF0F70044C201 /* flixsterUITests */,
			);
		};
/* End PBXProject section */

/* Begin PBXResourcesBuildPhase section */
		6C0261D025CDF0F40044C201 /* Resources */ = {
			isa = PBXResourcesBuildPhase;
			buildActionMask = 2147483647;
			files = (
				6C0261E225CDF0F70044C201 /* LaunchScreen.storyboard in Resources */,
				6C0261DF25CDF0F70044C201 /* Assets.xcassets in Resources */,
				6C0261DD25CDF0F40044C201 /* Main.storyboard in Resources */,
			);
			runOnlyForDeploymentPostprocessing = 0;
		};
		6C0261E625CDF0F70044C201 /* Resources */ = {
			isa = PBXResourcesBuildPhase;
			buildActionMask = 2147483647;
			files = (
			);
			runOnlyForDeploymentPostprocessing = 0;
		};
		6C0261F125CDF0F70044C201 /* Resources */ = {
			isa = PBXResourcesBuildPhase;
			buildActionMask = 2147483647;
			files = (
			);
			runOnlyForDeploymentPostprocessing = 0;
		};
/* End PBXResourcesBuildPhase section */

/* Begin PBXSourcesBuildPhase section */
		6C0261CE25CDF0F40044C201 /* Sources */ = {
			isa = PBXSourcesBuildPhase;
			buildActionMask = 2147483647;
			files = (
				6C0261DA25CDF0F40044C201 /* ViewController.swift in Sources */,
				6C0261D625CDF0F40044C201 /* AppDelegate.swift in Sources */,
				6C0261D825CDF0F40044C201 /* SceneDelegate.swift in Sources */,
			);
			runOnlyForDeploymentPostprocessing = 0;
		};
		6C0261E425CDF0F70044C201 /* Sources */ = {
			isa = PBXSourcesBuildPhase;
			buildActionMask = 2147483647;
			files = (
				6C0261ED25CDF0F70044C201 /* flixsterTests.swift in Sources */,
			);
			runOnlyForDeploymentPostprocessing = 0;
		};
		6C0261EF25CDF0F70044C201 /* Sources */ = {
			isa = PBXSourcesBuildPhase;
			buildActionMask = 2147483647;
			files = (
				6C0261F825CDF0F70044C201 /* flixsterUITests.swift in Sources */,
			);
			runOnlyForDeploymentPostprocessing = 0;
		};
/* End PBXSourcesBuildPhase section */

/* Begin PBXTargetDependency section */
		6C0261EA25CDF0F70044C201 /* PBXTargetDependency */ = {
			isa = PBXTargetDependency;
			target = 6C0261D125CDF0F40044C201 /* flixster */;
			targetProxy = 6C0261E925CDF0F70044C201 /* PBXContainerItemProxy */;
		};
		6C0261F525CDF0F70044C201 /* PBXTargetDependency */ = {
			isa = PBXTargetDependency;
			target = 6C0261D125CDF0F40044C201 /* flixster */;
			targetProxy = 6C0261F425CDF0F70044C201 /* PBXContainerItemProxy */;
		};
/* End PBXTargetDependency section */

/* Begin PBXVariantGroup section */
		6C0261DB25CDF0F40044C201 /* Main.storyboard */ = {
			isa = PBXVariantGroup;
			children = (
				6C0261DC25CDF0F40044C201 /* Base */,
			);
			name = Main.storyboard;
			sourceTree = "<group>";
		};
		6C0261E025CDF0F70044C201 /* LaunchScreen.storyboard */ = {
			isa = PBXVariantGroup;
			children = (
				6C0261E125CDF0F70044C201 /* Base */,
			);
			name = LaunchScreen.storyboard;
			sourceTree = "<group>";
		};
/* End PBXVariantGroup section */

/* Begin XCBuildConfiguration section */
		6C0261FA25CDF0F70044C201 /* Debug */ = {
			isa = XCBuildConfiguration;
			buildSettings = {
				ALWAYS_SEARCH_USER_PATHS = NO;
				CLANG_ANALYZER_NONNULL = YES;
				CLANG_ANALYZER_NUMBER_OBJECT_CONVERSION = YES_AGGRESSIVE;
				CLANG_CXX_LANGUAGE_STANDARD = "gnu++14";
				CLANG_CXX_LIBRARY = "libc++";
				CLANG_ENABLE_MODULES = YES;
				CLANG_ENABLE_OBJC_ARC = YES;
				CLANG_ENABLE_OBJC_WEAK = YES;
				CLANG_WARN_BLOCK_CAPTURE_AUTORELEASING = YES;
				CLANG_WARN_BOOL_CONVERSION = YES;
				CLANG_WARN_COMMA = YES;
				CLANG_WARN_CONSTANT_CONVERSION = YES;
				CLANG_WARN_DEPRECATED_OBJC_IMPLEMENTATIONS = YES;
				CLANG_WARN_DIRECT_OBJC_ISA_USAGE = YES_ERROR;
				CLANG_WARN_DOCUMENTATION_COMMENTS = YES;
				CLANG_WARN_EMPTY_BODY = YES;
				CLANG_WARN_ENUM_CONVERSION = YES;
				CLANG_WARN_INFINITE_RECURSION = YES;
				CLANG_WARN_INT_CONVERSION = YES;
				CLANG_WARN_NON_LITERAL_NULL_CONVERSION = YES;
				CLANG_WARN_OBJC_IMPLICIT_RETAIN_SELF = YES;
				CLANG_WARN_OBJC_LITERAL_CONVERSION = YES;
				CLANG_WARN_OBJC_ROOT_CLASS = YES_ERROR;
				CLANG_WARN_QUOTED_INCLUDE_IN_FRAMEWORK_HEADER = YES;
				CLANG_WARN_RANGE_LOOP_ANALYSIS = YES;
				CLANG_WARN_STRICT_PROTOTYPES = YES;
				CLANG_WARN_SUSPICIOUS_MOVE = YES;
				CLANG_WARN_UNGUARDED_AVAILABILITY = YES_AGGRESSIVE;
				CLANG_WARN_UNREACHABLE_CODE = YES;
				CLANG_WARN__DUPLICATE_METHOD_MATCH = YES;
				COPY_PHASE_STRIP = NO;
				DEBUG_INFORMATION_FORMAT = dwarf;
				ENABLE_STRICT_OBJC_MSGSEND = YES;
				ENABLE_TESTABILITY = YES;
				GCC_C_LANGUAGE_STANDARD = gnu11;
				GCC_DYNAMIC_NO_PIC = NO;
				GCC_NO_COMMON_BLOCKS = YES;
				GCC_OPTIMIZATION_LEVEL = 0;
				GCC_PREPROCESSOR_DEFINITIONS = (
					"DEBUG=1",
					"$(inherited)",
				);
				GCC_WARN_64_TO_32_BIT_CONVERSION = YES;
				GCC_WARN_ABOUT_RETURN_TYPE = YES_ERROR;
				GCC_WARN_UNDECLARED_SELECTOR = YES;
				GCC_WARN_UNINITIALIZED_AUTOS = YES_AGGRESSIVE;
				GCC_WARN_UNUSED_FUNCTION = YES;
				GCC_WARN_UNUSED_VARIABLE = YES;
				IPHONEOS_DEPLOYMENT_TARGET = 14.4;
				MTL_ENABLE_DEBUG_INFO = INCLUDE_SOURCE;
				MTL_FAST_MATH = YES;
				ONLY_ACTIVE_ARCH = YES;
				SDKROOT = iphoneos;
				SWIFT_ACTIVE_COMPILATION_CONDITIONS = DEBUG;
				SWIFT_OPTIMIZATION_LEVEL = "-Onone";
			};
			name = Debug;
		};
		6C0261FB25CDF0F70044C201 /* Release */ = {
			isa = XCBuildConfiguration;
			buildSettings = {
				ALWAYS_SEARCH_USER_PATHS = NO;
				CLANG_ANALYZER_NONNULL = YES;
				CLANG_ANALYZER_NUMBER_OBJECT_CONVERSION = YES_AGGRESSIVE;
				CLANG_CXX_LANGUAGE_STANDARD = "gnu++14";
				CLANG_CXX_LIBRARY = "libc++";
				CLANG_ENABLE_MODULES = YES;
				CLANG_ENABLE_OBJC_ARC = YES;
				CLANG_ENABLE_OBJC_WEAK = YES;
				CLANG_WARN_BLOCK_CAPTURE_AUTORELEASING = YES;
				CLANG_WARN_BOOL_CONVERSION = YES;
				CLANG_WARN_COMMA = YES;
				CLANG_WARN_CONSTANT_CONVERSION = YES;
				CLANG_WARN_DEPRECATED_OBJC_IMPLEMENTATIONS = YES;
				CLANG_WARN_DIRECT_OBJC_ISA_USAGE = YES_ERROR;
				CLANG_WARN_DOCUMENTATION_COMMENTS = YES;
				CLANG_WARN_EMPTY_BODY = YES;
				CLANG_WARN_ENUM_CONVERSION = YES;
				CLANG_WARN_INFINITE_RECURSION = YES;
				CLANG_WARN_INT_CONVERSION = YES;
				CLANG_WARN_NON_LITERAL_NULL_CONVERSION = YES;
				CLANG_WARN_OBJC_IMPLICIT_RETAIN_SELF = YES;
				CLANG_WARN_OBJC_LITERAL_CONVERSION = YES;
				CLANG_WARN_OBJC_ROOT_CLASS = YES_ERROR;
				CLANG_WARN_QUOTED_INCLUDE_IN_FRAMEWORK_HEADER = YES;
				CLANG_WARN_RANGE_LOOP_ANALYSIS = YES;
				CLANG_WARN_STRICT_PROTOTYPES = YES;
				CLANG_WARN_SUSPICIOUS_MOVE = YES;
				CLANG_WARN_UNGUARDED_AVAILABILITY = YES_AGGRESSIVE;
				CLANG_WARN_UNREACHABLE_CODE = YES;
				CLANG_WARN__DUPLICATE_METHOD_MATCH = YES;
				COPY_PHASE_STRIP = NO;
				DEBUG_INFORMATION_FORMAT = "dwarf-with-dsym";
				ENABLE_NS_ASSERTIONS = NO;
				ENABLE_STRICT_OBJC_MSGSEND = YES;
				GCC_C_LANGUAGE_STANDARD = gnu11;
				GCC_NO_COMMON_BLOCKS = YES;
				GCC_WARN_64_TO_32_BIT_CONVERSION = YES;
				GCC_WARN_ABOUT_RETURN_TYPE = YES_ERROR;
				GCC_WARN_UNDECLARED_SELECTOR = YES;
				GCC_WARN_UNINITIALIZED_AUTOS = YES_AGGRESSIVE;
				GCC_WARN_UNUSED_FUNCTION = YES;
				GCC_WARN_UNUSED_VARIABLE = YES;
				IPHONEOS_DEPLOYMENT_TARGET = 14.4;
				MTL_ENABLE_DEBUG_INFO = NO;
				MTL_FAST_MATH = YES;
				SDKROOT = iphoneos;
				SWIFT_COMPILATION_MODE = wholemodule;
				SWIFT_OPTIMIZATION_LEVEL = "-O";
				VALIDATE_PRODUCT = YES;
			};
			name = Release;
		};
		6C0261FD25CDF0F70044C201 /* Debug */ = {
			isa = XCBuildConfiguration;
			buildSettings = {
				ASSETCATALOG_COMPILER_APPICON_NAME = AppIcon;
				ASSETCATALOG_COMPILER_GLOBAL_ACCENT_COLOR_NAME = AccentColor;
				CODE_SIGN_STYLE = Automatic;
				INFOPLIST_FILE = flixster/Info.plist;
				LD_RUNPATH_SEARCH_PATHS = (
					"$(inherited)",
					"@executable_path/Frameworks",
				);
				PRODUCT_BUNDLE_IDENTIFIER = codepath.flixster;
				PRODUCT_NAME = "$(TARGET_NAME)";
				SWIFT_VERSION = 5.0;
				TARGETED_DEVICE_FAMILY = "1,2";
			};
			name = Debug;
		};
		6C0261FE25CDF0F70044C201 /* Release */ = {
			isa = XCBuildConfiguration;
			buildSettings = {
				ASSETCATALOG_COMPILER_APPICON_NAME = AppIcon;
				ASSETCATALOG_COMPILER_GLOBAL_ACCENT_COLOR_NAME = AccentColor;
				CODE_SIGN_STYLE = Automatic;
				INFOPLIST_FILE = flixster/Info.plist;
				LD_RUNPATH_SEARCH_PATHS = (
					"$(inherited)",
					"@executable_path/Frameworks",
				);
				PRODUCT_BUNDLE_IDENTIFIER = codepath.flixster;
				PRODUCT_NAME = "$(TARGET_NAME)";
				SWIFT_VERSION = 5.0;
				TARGETED_DEVICE_FAMILY = "1,2";
			};
			name = Release;
		};
		6C02620025CDF0F70044C201 /* Debug */ = {
			isa = XCBuildConfiguration;
			buildSettings = {
				ALWAYS_EMBED_SWIFT_STANDARD_LIBRARIES = YES;
				BUNDLE_LOADER = "$(TEST_HOST)";
				CODE_SIGN_STYLE = Automatic;
				INFOPLIST_FILE = flixsterTests/Info.plist;
				IPHONEOS_DEPLOYMENT_TARGET = 14.4;
				LD_RUNPATH_SEARCH_PATHS = (
					"$(inherited)",
					"@executable_path/Frameworks",
					"@loader_path/Frameworks",
				);
				PRODUCT_BUNDLE_IDENTIFIER = codepath.flixsterTests;
				PRODUCT_NAME = "$(TARGET_NAME)";
				SWIFT_VERSION = 5.0;
				TARGETED_DEVICE_FAMILY = "1,2";
				TEST_HOST = "$(BUILT_PRODUCTS_DIR)/flixster.app/flixster";
			};
			name = Debug;
		};
		6C02620125CDF0F70044C201 /* Release */ = {
			isa = XCBuildConfiguration;
			buildSettings = {
				ALWAYS_EMBED_SWIFT_STANDARD_LIBRARIES = YES;
				BUNDLE_LOADER = "$(TEST_HOST)";
				CODE_SIGN_STYLE = Automatic;
				INFOPLIST_FILE = flixsterTests/Info.plist;
				IPHONEOS_DEPLOYMENT_TARGET = 14.4;
				LD_RUNPATH_SEARCH_PATHS = (
					"$(inherited)",
					"@executable_path/Frameworks",
					"@loader_path/Frameworks",
				);
				PRODUCT_BUNDLE_IDENTIFIER = codepath.flixsterTests;
				PRODUCT_NAME = "$(TARGET_NAME)";
				SWIFT_VERSION = 5.0;
				TARGETED_DEVICE_FAMILY = "1,2";
				TEST_HOST = "$(BUILT_PRODUCTS_DIR)/flixster.app/flixster";
			};
			name = Release;
		};
		6C02620325CDF0F70044C201 /* Debug */ = {
			isa = XCBuildConfiguration;
			buildSettings = {
				ALWAYS_EMBED_SWIFT_STANDARD_LIBRARIES = YES;
				CODE_SIGN_STYLE = Automatic;
				INFOPLIST_FILE = flixsterUITests/Info.plist;
				LD_RUNPATH_SEARCH_PATHS = (
					"$(inherited)",
					"@executable_path/Frameworks",
					"@loader_path/Frameworks",
				);
				PRODUCT_BUNDLE_IDENTIFIER = codepath.flixsterUITests;
				PRODUCT_NAME = "$(TARGET_NAME)";
				SWIFT_VERSION = 5.0;
				TARGETED_DEVICE_FAMILY = "1,2";
				TEST_TARGET_NAME = flixster;
			};
			name = Debug;
		};
		6C02620425CDF0F70044C201 /* Release */ = {
			isa = XCBuildConfiguration;
			buildSettings = {
				ALWAYS_EMBED_SWIFT_STANDARD_LIBRARIES = YES;
				CODE_SIGN_STYLE = Automatic;
				INFOPLIST_FILE = flixsterUITests/Info.plist;
				LD_RUNPATH_SEARCH_PATHS = (
					"$(inherited)",
					"@executable_path/Frameworks",
					"@loader_path/Frameworks",
				);
				PRODUCT_BUNDLE_IDENTIFIER = codepath.flixsterUITests;
				PRODUCT_NAME = "$(TARGET_NAME)";
				SWIFT_VERSION = 5.0;
				TARGETED_DEVICE_FAMILY = "1,2";
				TEST_TARGET_NAME = flixster;
			};
			name = Release;
		};
/* End XCBuildConfiguration section */

/* Begin XCConfigurationList section */
		6C0261CD25CDF0F40044C201 /* Build configuration list for PBXProject "flixster" */ = {
			isa = XCConfigurationList;
			buildConfigurations = (
				6C0261FA25CDF0F70044C201 /* Debug */,
				6C0261FB25CDF0F70044C201 /* Release */,
			);
			defaultConfigurationIsVisible = 0;
			defaultConfigurationName = Release;
		};
		6C0261FC25CDF0F70044C201 /* Build configuration list for PBXNativeTarget "flixster" */ = {
			isa = XCConfigurationList;
			buildConfigurations = (
				6C0261FD25CDF0F70044C201 /* Debug */,
				6C0261FE25CDF0F70044C201 /* Release */,
			);
			defaultConfigurationIsVisible = 0;
			defaultConfigurationName = Release;
		};
		6C0261FF25CDF0F70044C201 /* Build configuration list for PBXNativeTarget "flixsterTests" */ = {
			isa = XCConfigurationList;
			buildConfigurations = (
				6C02620025CDF0F70044C201 /* Debug */,
				6C02620125CDF0F70044C201 /* Release */,
			);
			defaultConfigurationIsVisible = 0;
			defaultConfigurationName = Release;
		};
		6C02620225CDF0F70044C201 /* Build configuration list for PBXNativeTarget "flixsterUITests" */ = {
			isa = XCConfigurationList;
			buildConfigurations = (
				6C02620325CDF0F70044C201 /* Debug */,
				6C02620425CDF0F70044C201 /* Release */,
			);
			defaultConfigurationIsVisible = 0;
			defaultConfigurationName = Release;
		};
/* End XCConfigurationList section */
	};
	rootObject = 6C0261CA25CDF0F40044C201 /* Project object */;
}
